// !$*UTF8*$!
{
	archiveVersion = 1;
	classes = {
	};
	objectVersion = 50;
	objects = {

/* Begin PBXBuildFile section */
		14E4EBA425AE1AAF0044DE7F /* AppDelegate.swift in Sources */ = {isa = PBXBuildFile; fileRef = 14E4EBA325AE1AAF0044DE7F /* AppDelegate.swift */; };
		14E4EBA625AE1AAF0044DE7F /* SceneDelegate.swift in Sources */ = {isa = PBXBuildFile; fileRef = 14E4EBA525AE1AAF0044DE7F /* SceneDelegate.swift */; };
		14E4EBA825AE1AAF0044DE7F /* ViewController.swift in Sources */ = {isa = PBXBuildFile; fileRef = 14E4EBA725AE1AAF0044DE7F /* ViewController.swift */; };
		14E4EBAB25AE1AAF0044DE7F /* Main.storyboard in Resources */ = {isa = PBXBuildFile; fileRef = 14E4EBA925AE1AAF0044DE7F /* Main.storyboard */; };
		14E4EBAD25AE1AB10044DE7F /* Assets.xcassets in Resources */ = {isa = PBXBuildFile; fileRef = 14E4EBAC25AE1AB10044DE7F /* Assets.xcassets */; };
		14E4EBB025AE1AB10044DE7F /* LaunchScreen.storyboard in Resources */ = {isa = PBXBuildFile; fileRef = 14E4EBAE25AE1AB10044DE7F /* LaunchScreen.storyboard */; };
		14E4EBBB25AE1AB10044DE7F /* PreworkTests.swift in Sources */ = {isa = PBXBuildFile; fileRef = 14E4EBBA25AE1AB10044DE7F /* PreworkTests.swift */; };
		14E4EBC625AE1AB10044DE7F /* PreworkUITests.swift in Sources */ = {isa = PBXBuildFile; fileRef = 14E4EBC525AE1AB10044DE7F /* PreworkUITests.swift */; };
/* End PBXBuildFile section */

/* Begin PBXContainerItemProxy section */
		14E4EBB725AE1AB10044DE7F /* PBXContainerItemProxy */ = {
			isa = PBXContainerItemProxy;
			containerPortal = 14E4EB9825AE1AAF0044DE7F /* Project object */;
			proxyType = 1;
			remoteGlobalIDString = 14E4EB9F25AE1AAF0044DE7F;
			remoteInfo = Prework;
		};
		14E4EBC225AE1AB10044DE7F /* PBXContainerItemProxy */ = {
			isa = PBXContainerItemProxy;
			containerPortal = 14E4EB9825AE1AAF0044DE7F /* Project object */;
			proxyType = 1;
			remoteGlobalIDString = 14E4EB9F25AE1AAF0044DE7F;
			remoteInfo = Prework;
		};
/* End PBXContainerItemProxy section */

/* Begin PBXFileReference section */
		14E4EBA025AE1AAF0044DE7F /* Prework.app */ = {isa = PBXFileReference; explicitFileType = wrapper.application; includeInIndex = 0; path = Prework.app; sourceTree = BUILT_PRODUCTS_DIR; };
		14E4EBA325AE1AAF0044DE7F /* AppDelegate.swift */ = {isa = PBXFileReference; lastKnownFileType = sourcecode.swift; path = AppDelegate.swift; sourceTree = "<group>"; };
		14E4EBA525AE1AAF0044DE7F /* SceneDelegate.swift */ = {isa = PBXFileReference; lastKnownFileType = sourcecode.swift; path = SceneDelegate.swift; sourceTree = "<group>"; };
		14E4EBA725AE1AAF0044DE7F /* ViewController.swift */ = {isa = PBXFileReference; lastKnownFileType = sourcecode.swift; path = ViewController.swift; sourceTree = "<group>"; };
		14E4EBAA25AE1AAF0044DE7F /* Base */ = {isa = PBXFileReference; lastKnownFileType = file.storyboard; name = Base; path = Base.lproj/Main.storyboard; sourceTree = "<group>"; };
		14E4EBAC25AE1AB10044DE7F /* Assets.xcassets */ = {isa = PBXFileReference; lastKnownFileType = folder.assetcatalog; path = Assets.xcassets; sourceTree = "<group>"; };
		14E4EBAF25AE1AB10044DE7F /* Base */ = {isa = PBXFileReference; lastKnownFileType = file.storyboard; name = Base; path = Base.lproj/LaunchScreen.storyboard; sourceTree = "<group>"; };
		14E4EBB125AE1AB10044DE7F /* Info.plist */ = {isa = PBXFileReference; lastKnownFileType = text.plist.xml; path = Info.plist; sourceTree = "<group>"; };
		14E4EBB625AE1AB10044DE7F /* PreworkTests.xctest */ = {isa = PBXFileReference; explicitFileType = wrapper.cfbundle; includeInIndex = 0; path = PreworkTests.xctest; sourceTree = BUILT_PRODUCTS_DIR; };
		14E4EBBA25AE1AB10044DE7F /* PreworkTests.swift */ = {isa = PBXFileReference; lastKnownFileType = sourcecode.swift; path = PreworkTests.swift; sourceTree = "<group>"; };
		14E4EBBC25AE1AB10044DE7F /* Info.plist */ = {isa = PBXFileReference; lastKnownFileType = text.plist.xml; path = Info.plist; sourceTree = "<group>"; };
		14E4EBC125AE1AB10044DE7F /* PreworkUITests.xctest */ = {isa = PBXFileReference; explicitFileType = wrapper.cfbundle; includeInIndex = 0; path = PreworkUITests.xctest; sourceTree = BUILT_PRODUCTS_DIR; };
		14E4EBC525AE1AB10044DE7F /* PreworkUITests.swift */ = {isa = PBXFileReference; lastKnownFileType = sourcecode.swift; path = PreworkUITests.swift; sourceTree = "<group>"; };
		14E4EBC725AE1AB10044DE7F /* Info.plist */ = {isa = PBXFileReference; lastKnownFileType = text.plist.xml; path = Info.plist; sourceTree = "<group>"; };
/* End PBXFileReference section */

/* Begin PBXFrameworksBuildPhase section */
		14E4EB9D25AE1AAF0044DE7F /* Frameworks */ = {
			isa = PBXFrameworksBuildPhase;
			buildActionMask = 2147483647;
			files = (
			);
			runOnlyForDeploymentPostprocessing = 0;
		};
		14E4EBB325AE1AB10044DE7F /* Frameworks */ = {
			isa = PBXFrameworksBuildPhase;
			buildActionMask = 2147483647;
			files = (
			);
			runOnlyForDeploymentPostprocessing = 0;
		};
		14E4EBBE25AE1AB10044DE7F /* Frameworks */ = {
			isa = PBXFrameworksBuildPhase;
			buildActionMask = 2147483647;
			files = (
			);
			runOnlyForDeploymentPostprocessing = 0;
		};
/* End PBXFrameworksBuildPhase section */

/* Begin PBXGroup section */
		14E4EB9725AE1AAF0044DE7F = {
			isa = PBXGroup;
			children = (
				14E4EBA225AE1AAF0044DE7F /* Prework */,
				14E4EBB925AE1AB10044DE7F /* PreworkTests */,
				14E4EBC425AE1AB10044DE7F /* PreworkUITests */,
				14E4EBA125AE1AAF0044DE7F /* Products */,
			);
			sourceTree = "<group>";
		};
		14E4EBA125AE1AAF0044DE7F /* Products */ = {
			isa = PBXGroup;
			children = (
				14E4EBA025AE1AAF0044DE7F /* Prework.app */,
				14E4EBB625AE1AB10044DE7F /* PreworkTests.xctest */,
				14E4EBC125AE1AB10044DE7F /* PreworkUITests.xctest */,
			);
			name = Products;
			sourceTree = "<group>";
		};
		14E4EBA225AE1AAF0044DE7F /* Prework */ = {
			isa = PBXGroup;
			children = (
				14E4EBA325AE1AAF0044DE7F /* AppDelegate.swift */,
				14E4EBA525AE1AAF0044DE7F /* SceneDelegate.swift */,
				14E4EBA725AE1AAF0044DE7F /* ViewController.swift */,
				14E4EBA925AE1AAF0044DE7F /* Main.storyboard */,
				14E4EBAC25AE1AB10044DE7F /* Assets.xcassets */,
				14E4EBAE25AE1AB10044DE7F /* LaunchScreen.storyboard */,
				14E4EBB125AE1AB10044DE7F /* Info.plist */,
			);
			path = Prework;
			sourceTree = "<group>";
		};
		14E4EBB925AE1AB10044DE7F /* PreworkTests */ = {
			isa = PBXGroup;
			children = (
				14E4EBBA25AE1AB10044DE7F /* PreworkTests.swift */,
				14E4EBBC25AE1AB10044DE7F /* Info.plist */,
			);
			path = PreworkTests;
			sourceTree = "<group>";
		};
		14E4EBC425AE1AB10044DE7F /* PreworkUITests */ = {
			isa = PBXGroup;
			children = (
				14E4EBC525AE1AB10044DE7F /* PreworkUITests.swift */,
				14E4EBC725AE1AB10044DE7F /* Info.plist */,
			);
			path = PreworkUITests;
			sourceTree = "<group>";
		};
/* End PBXGroup section */

/* Begin PBXNativeTarget section */
		14E4EB9F25AE1AAF0044DE7F /* Prework */ = {
			isa = PBXNativeTarget;
			buildConfigurationList = 14E4EBCA25AE1AB10044DE7F /* Build configuration list for PBXNativeTarget "Prework" */;
			buildPhases = (
				14E4EB9C25AE1AAF0044DE7F /* Sources */,
				14E4EB9D25AE1AAF0044DE7F /* Frameworks */,
				14E4EB9E25AE1AAF0044DE7F /* Resources */,
			);
			buildRules = (
			);
			dependencies = (
			);
			name = Prework;
			productName = Prework;
			productReference = 14E4EBA025AE1AAF0044DE7F /* Prework.app */;
			productType = "com.apple.product-type.application";
		};
		14E4EBB525AE1AB10044DE7F /* PreworkTests */ = {
			isa = PBXNativeTarget;
			buildConfigurationList = 14E4EBCD25AE1AB10044DE7F /* Build configuration list for PBXNativeTarget "PreworkTests" */;
			buildPhases = (
				14E4EBB225AE1AB10044DE7F /* Sources */,
				14E4EBB325AE1AB10044DE7F /* Frameworks */,
				14E4EBB425AE1AB10044DE7F /* Resources */,
			);
			buildRules = (
			);
			dependencies = (
				14E4EBB825AE1AB10044DE7F /* PBXTargetDependency */,
			);
			name = PreworkTests;
			productName = PreworkTests;
			productReference = 14E4EBB625AE1AB10044DE7F /* PreworkTests.xctest */;
			productType = "com.apple.product-type.bundle.unit-test";
		};
		14E4EBC025AE1AB10044DE7F /* PreworkUITests */ = {
			isa = PBXNativeTarget;
			buildConfigurationList = 14E4EBD025AE1AB10044DE7F /* Build configuration list for PBXNativeTarget "PreworkUITests" */;
			buildPhases = (
				14E4EBBD25AE1AB10044DE7F /* Sources */,
				14E4EBBE25AE1AB10044DE7F /* Frameworks */,
				14E4EBBF25AE1AB10044DE7F /* Resources */,
			);
			buildRules = (
			);
			dependencies = (
				14E4EBC325AE1AB10044DE7F /* PBXTargetDependency */,
			);
			name = PreworkUITests;
			productName = PreworkUITests;
			productReference = 14E4EBC125AE1AB10044DE7F /* PreworkUITests.xctest */;
			productType = "com.apple.product-type.bundle.ui-testing";
		};
/* End PBXNativeTarget section */

/* Begin PBXProject section */
		14E4EB9825AE1AAF0044DE7F /* Project object */ = {
			isa = PBXProject;
			attributes = {
				LastSwiftUpdateCheck = 1230;
				LastUpgradeCheck = 1230;
				TargetAttributes = {
					14E4EB9F25AE1AAF0044DE7F = {
						CreatedOnToolsVersion = 12.3;
					};
					14E4EBB525AE1AB10044DE7F = {
						CreatedOnToolsVersion = 12.3;
						TestTargetID = 14E4EB9F25AE1AAF0044DE7F;
					};
					14E4EBC025AE1AB10044DE7F = {
						CreatedOnToolsVersion = 12.3;
						TestTargetID = 14E4EB9F25AE1AAF0044DE7F;
					};
				};
			};
			buildConfigurationList = 14E4EB9B25AE1AAF0044DE7F /* Build configuration list for PBXProject "Prework" */;
			compatibilityVersion = "Xcode 9.3";
			developmentRegion = en;
			hasScannedForEncodings = 0;
			knownRegions = (
				en,
				Base,
			);
			mainGroup = 14E4EB9725AE1AAF0044DE7F;
			productRefGroup = 14E4EBA125AE1AAF0044DE7F /* Products */;
			projectDirPath = "";
			projectRoot = "";
			targets = (
				14E4EB9F25AE1AAF0044DE7F /* Prework */,
				14E4EBB525AE1AB10044DE7F /* PreworkTests */,
				14E4EBC025AE1AB10044DE7F /* PreworkUITests */,
			);
		};
/* End PBXProject section */

/* Begin PBXResourcesBuildPhase section */
		14E4EB9E25AE1AAF0044DE7F /* Resources */ = {
			isa = PBXResourcesBuildPhase;
			buildActionMask = 2147483647;
			files = (
				14E4EBB025AE1AB10044DE7F /* LaunchScreen.storyboard in Resources */,
				14E4EBAD25AE1AB10044DE7F /* Assets.xcassets in Resources */,
				14E4EBAB25AE1AAF0044DE7F /* Main.storyboard in Resources */,
			);
			runOnlyForDeploymentPostprocessing = 0;
		};
		14E4EBB425AE1AB10044DE7F /* Resources */ = {
			isa = PBXResourcesBuildPhase;
			buildActionMask = 2147483647;
			files = (
			);
			runOnlyForDeploymentPostprocessing = 0;
		};
		14E4EBBF25AE1AB10044DE7F /* Resources */ = {
			isa = PBXResourcesBuildPhase;
			buildActionMask = 2147483647;
			files = (
			);
			runOnlyForDeploymentPostprocessing = 0;
		};
/* End PBXResourcesBuildPhase section */

/* Begin PBXSourcesBuildPhase section */
		14E4EB9C25AE1AAF0044DE7F /* Sources */ = {
			isa = PBXSourcesBuildPhase;
			buildActionMask = 2147483647;
			files = (
				14E4EBA825AE1AAF0044DE7F /* ViewController.swift in Sources */,
				14E4EBA425AE1AAF0044DE7F /* AppDelegate.swift in Sources */,
				14E4EBA625AE1AAF0044DE7F /* SceneDelegate.swift in Sources */,
			);
			runOnlyForDeploymentPostprocessing = 0;
		};
		14E4EBB225AE1AB10044DE7F /* Sources */ = {
			isa = PBXSourcesBuildPhase;
			buildActionMask = 2147483647;
			files = (
				14E4EBBB25AE1AB10044DE7F /* PreworkTests.swift in Sources */,
			);
			runOnlyForDeploymentPostprocessing = 0;
		};
		14E4EBBD25AE1AB10044DE7F /* Sources */ = {
			isa = PBXSourcesBuildPhase;
			buildActionMask = 2147483647;
			files = (
				14E4EBC625AE1AB10044DE7F /* PreworkUITests.swift in Sources */,
			);
			runOnlyForDeploymentPostprocessing = 0;
		};
/* End PBXSourcesBuildPhase section */

/* Begin PBXTargetDependency section */
		14E4EBB825AE1AB10044DE7F /* PBXTargetDependency */ = {
			isa = PBXTargetDependency;
			target = 14E4EB9F25AE1AAF0044DE7F /* Prework */;
			targetProxy = 14E4EBB725AE1AB10044DE7F /* PBXContainerItemProxy */;
		};
		14E4EBC325AE1AB10044DE7F /* PBXTargetDependency */ = {
			isa = PBXTargetDependency;
			target = 14E4EB9F25AE1AAF0044DE7F /* Prework */;
			targetProxy = 14E4EBC225AE1AB10044DE7F /* PBXContainerItemProxy */;
		};
/* End PBXTargetDependency section */

/* Begin PBXVariantGroup section */
		14E4EBA925AE1AAF0044DE7F /* Main.storyboard */ = {
			isa = PBXVariantGroup;
			children = (
				14E4EBAA25AE1AAF0044DE7F /* Base */,
			);
			name = Main.storyboard;
			sourceTree = "<group>";
		};
		14E4EBAE25AE1AB10044DE7F /* LaunchScreen.storyboard */ = {
			isa = PBXVariantGroup;
			children = (
				14E4EBAF25AE1AB10044DE7F /* Base */,
			);
			name = LaunchScreen.storyboard;
			sourceTree = "<group>";
		};
/* End PBXVariantGroup section */

/* Begin XCBuildConfiguration section */
		14E4EBC825AE1AB10044DE7F /* Debug */ = {
			isa = XCBuildConfiguration;
			buildSettings = {
				ALWAYS_SEARCH_USER_PATHS = NO;
				CLANG_ANALYZER_NONNULL = YES;
				CLANG_ANALYZER_NUMBER_OBJECT_CONVERSION = YES_AGGRESSIVE;
				CLANG_CXX_LANGUAGE_STANDARD = "gnu++14";
				CLANG_CXX_LIBRARY = "libc++";
				CLANG_ENABLE_MODULES = YES;
				CLANG_ENABLE_OBJC_ARC = YES;
				CLANG_ENABLE_OBJC_WEAK = YES;
				CLANG_WARN_BLOCK_CAPTURE_AUTORELEASING = YES;
				CLANG_WARN_BOOL_CONVERSION = YES;
				CLANG_WARN_COMMA = YES;
				CLANG_WARN_CONSTANT_CONVERSION = YES;
				CLANG_WARN_DEPRECATED_OBJC_IMPLEMENTATIONS = YES;
				CLANG_WARN_DIRECT_OBJC_ISA_USAGE = YES_ERROR;
				CLANG_WARN_DOCUMENTATION_COMMENTS = YES;
				CLANG_WARN_EMPTY_BODY = YES;
				CLANG_WARN_ENUM_CONVERSION = YES;
				CLANG_WARN_INFINITE_RECURSION = YES;
				CLANG_WARN_INT_CONVERSION = YES;
				CLANG_WARN_NON_LITERAL_NULL_CONVERSION = YES;
				CLANG_WARN_OBJC_IMPLICIT_RETAIN_SELF = YES;
				CLANG_WARN_OBJC_LITERAL_CONVERSION = YES;
				CLANG_WARN_OBJC_ROOT_CLASS = YES_ERROR;
				CLANG_WARN_QUOTED_INCLUDE_IN_FRAMEWORK_HEADER = YES;
				CLANG_WARN_RANGE_LOOP_ANALYSIS = YES;
				CLANG_WARN_STRICT_PROTOTYPES = YES;
				CLANG_WARN_SUSPICIOUS_MOVE = YES;
				CLANG_WARN_UNGUARDED_AVAILABILITY = YES_AGGRESSIVE;
				CLANG_WARN_UNREACHABLE_CODE = YES;
				CLANG_WARN__DUPLICATE_METHOD_MATCH = YES;
				COPY_PHASE_STRIP = NO;
				DEBUG_INFORMATION_FORMAT = dwarf;
				ENABLE_STRICT_OBJC_MSGSEND = YES;
				ENABLE_TESTABILITY = YES;
				GCC_C_LANGUAGE_STANDARD = gnu11;
				GCC_DYNAMIC_NO_PIC = NO;
				GCC_NO_COMMON_BLOCKS = YES;
				GCC_OPTIMIZATION_LEVEL = 0;
				GCC_PREPROCESSOR_DEFINITIONS = (
					"DEBUG=1",
					"$(inherited)",
				);
				GCC_WARN_64_TO_32_BIT_CONVERSION = YES;
				GCC_WARN_ABOUT_RETURN_TYPE = YES_ERROR;
				GCC_WARN_UNDECLARED_SELECTOR = YES;
				GCC_WARN_UNINITIALIZED_AUTOS = YES_AGGRESSIVE;
				GCC_WARN_UNUSED_FUNCTION = YES;
				GCC_WARN_UNUSED_VARIABLE = YES;
				IPHONEOS_DEPLOYMENT_TARGET = 14.3;
				MTL_ENABLE_DEBUG_INFO = INCLUDE_SOURCE;
				MTL_FAST_MATH = YES;
				ONLY_ACTIVE_ARCH = YES;
				SDKROOT = iphoneos;
				SWIFT_ACTIVE_COMPILATION_CONDITIONS = DEBUG;
				SWIFT_OPTIMIZATION_LEVEL = "-Onone";
			};
			name = Debug;
		};
		14E4EBC925AE1AB10044DE7F /* Release */ = {
			isa = XCBuildConfiguration;
			buildSettings = {
				ALWAYS_SEARCH_USER_PATHS = NO;
				CLANG_ANALYZER_NONNULL = YES;
				CLANG_ANALYZER_NUMBER_OBJECT_CONVERSION = YES_AGGRESSIVE;
				CLANG_CXX_LANGUAGE_STANDARD = "gnu++14";
				CLANG_CXX_LIBRARY = "libc++";
				CLANG_ENABLE_MODULES = YES;
				CLANG_ENABLE_OBJC_ARC = YES;
				CLANG_ENABLE_OBJC_WEAK = YES;
				CLANG_WARN_BLOCK_CAPTURE_AUTORELEASING = YES;
				CLANG_WARN_BOOL_CONVERSION = YES;
				CLANG_WARN_COMMA = YES;
				CLANG_WARN_CONSTANT_CONVERSION = YES;
				CLANG_WARN_DEPRECATED_OBJC_IMPLEMENTATIONS = YES;
				CLANG_WARN_DIRECT_OBJC_ISA_USAGE = YES_ERROR;
				CLANG_WARN_DOCUMENTATION_COMMENTS = YES;
				CLANG_WARN_EMPTY_BODY = YES;
				CLANG_WARN_ENUM_CONVERSION = YES;
				CLANG_WARN_INFINITE_RECURSION = YES;
				CLANG_WARN_INT_CONVERSION = YES;
				CLANG_WARN_NON_LITERAL_NULL_CONVERSION = YES;
				CLANG_WARN_OBJC_IMPLICIT_RETAIN_SELF = YES;
				CLANG_WARN_OBJC_LITERAL_CONVERSION = YES;
				CLANG_WARN_OBJC_ROOT_CLASS = YES_ERROR;
				CLANG_WARN_QUOTED_INCLUDE_IN_FRAMEWORK_HEADER = YES;
				CLANG_WARN_RANGE_LOOP_ANALYSIS = YES;
				CLANG_WARN_STRICT_PROTOTYPES = YES;
				CLANG_WARN_SUSPICIOUS_MOVE = YES;
				CLANG_WARN_UNGUARDED_AVAILABILITY = YES_AGGRESSIVE;
				CLANG_WARN_UNREACHABLE_CODE = YES;
				CLANG_WARN__DUPLICATE_METHOD_MATCH = YES;
				COPY_PHASE_STRIP = NO;
				DEBUG_INFORMATION_FORMAT = "dwarf-with-dsym";
				ENABLE_NS_ASSERTIONS = NO;
				ENABLE_STRICT_OBJC_MSGSEND = YES;
				GCC_C_LANGUAGE_STANDARD = gnu11;
				GCC_NO_COMMON_BLOCKS = YES;
				GCC_WARN_64_TO_32_BIT_CONVERSION = YES;
				GCC_WARN_ABOUT_RETURN_TYPE = YES_ERROR;
				GCC_WARN_UNDECLARED_SELECTOR = YES;
				GCC_WARN_UNINITIALIZED_AUTOS = YES_AGGRESSIVE;
				GCC_WARN_UNUSED_FUNCTION = YES;
				GCC_WARN_UNUSED_VARIABLE = YES;
				IPHONEOS_DEPLOYMENT_TARGET = 14.3;
				MTL_ENABLE_DEBUG_INFO = NO;
				MTL_FAST_MATH = YES;
				SDKROOT = iphoneos;
				SWIFT_COMPILATION_MODE = wholemodule;
				SWIFT_OPTIMIZATION_LEVEL = "-O";
				VALIDATE_PRODUCT = YES;
			};
			name = Release;
		};
		14E4EBCB25AE1AB10044DE7F /* Debug */ = {
			isa = XCBuildConfiguration;
			buildSettings = {
				ASSETCATALOG_COMPILER_APPICON_NAME = AppIcon;
				ASSETCATALOG_COMPILER_GLOBAL_ACCENT_COLOR_NAME = AccentColor;
				CODE_SIGN_STYLE = Automatic;
				INFOPLIST_FILE = Prework/Info.plist;
				LD_RUNPATH_SEARCH_PATHS = (
					"$(inherited)",
					"@executable_path/Frameworks",
				);
				PRODUCT_BUNDLE_IDENTIFIER = memo.com.Prework;
				PRODUCT_NAME = "$(TARGET_NAME)";
				SWIFT_VERSION = 5.0;
				TARGETED_DEVICE_FAMILY = "1,2";
			};
			name = Debug;
		};
		14E4EBCC25AE1AB10044DE7F /* Release */ = {
			isa = XCBuildConfiguration;
			buildSettings = {
				ASSETCATALOG_COMPILER_APPICON_NAME = AppIcon;
				ASSETCATALOG_COMPILER_GLOBAL_ACCENT_COLOR_NAME = AccentColor;
				CODE_SIGN_STYLE = Automatic;
				INFOPLIST_FILE = Prework/Info.plist;
				LD_RUNPATH_SEARCH_PATHS = (
					"$(inherited)",
					"@executable_path/Frameworks",
				);
				PRODUCT_BUNDLE_IDENTIFIER = memo.com.Prework;
				PRODUCT_NAME = "$(TARGET_NAME)";
				SWIFT_VERSION = 5.0;
				TARGETED_DEVICE_FAMILY = "1,2";
			};
			name = Release;
		};
		14E4EBCE25AE1AB10044DE7F /* Debug */ = {
			isa = XCBuildConfiguration;
			buildSettings = {
				ALWAYS_EMBED_SWIFT_STANDARD_LIBRARIES = YES;
				BUNDLE_LOADER = "$(TEST_HOST)";
				CODE_SIGN_STYLE = Automatic;
				INFOPLIST_FILE = PreworkTests/Info.plist;
				IPHONEOS_DEPLOYMENT_TARGET = 14.3;
				LD_RUNPATH_SEARCH_PATHS = (
					"$(inherited)",
					"@executable_path/Frameworks",
					"@loader_path/Frameworks",
				);
				PRODUCT_BUNDLE_IDENTIFIER = memo.com.PreworkTests;
				PRODUCT_NAME = "$(TARGET_NAME)";
				SWIFT_VERSION = 5.0;
				TARGETED_DEVICE_FAMILY = "1,2";
				TEST_HOST = "$(BUILT_PRODUCTS_DIR)/Prework.app/Prework";
			};
			name = Debug;
		};
		14E4EBCF25AE1AB10044DE7F /* Release */ = {
			isa = XCBuildConfiguration;
			buildSettings = {
				ALWAYS_EMBED_SWIFT_STANDARD_LIBRARIES = YES;
				BUNDLE_LOADER = "$(TEST_HOST)";
				CODE_SIGN_STYLE = Automatic;
				INFOPLIST_FILE = PreworkTests/Info.plist;
				IPHONEOS_DEPLOYMENT_TARGET = 14.3;
				LD_RUNPATH_SEARCH_PATHS = (
					"$(inherited)",
					"@executable_path/Frameworks",
					"@loader_path/Frameworks",
				);
				PRODUCT_BUNDLE_IDENTIFIER = memo.com.PreworkTests;
				PRODUCT_NAME = "$(TARGET_NAME)";
				SWIFT_VERSION = 5.0;
				TARGETED_DEVICE_FAMILY = "1,2";
				TEST_HOST = "$(BUILT_PRODUCTS_DIR)/Prework.app/Prework";
			};
			name = Release;
		};
		14E4EBD125AE1AB10044DE7F /* Debug */ = {
			isa = XCBuildConfiguration;
			buildSettings = {
				ALWAYS_EMBED_SWIFT_STANDARD_LIBRARIES = YES;
				CODE_SIGN_STYLE = Automatic;
				INFOPLIST_FILE = PreworkUITests/Info.plist;
				LD_RUNPATH_SEARCH_PATHS = (
					"$(inherited)",
					"@executable_path/Frameworks",
					"@loader_path/Frameworks",
				);
				PRODUCT_BUNDLE_IDENTIFIER = memo.com.PreworkUITests;
				PRODUCT_NAME = "$(TARGET_NAME)";
				SWIFT_VERSION = 5.0;
				TARGETED_DEVICE_FAMILY = "1,2";
				TEST_TARGET_NAME = Prework;
			};
			name = Debug;
		};
		14E4EBD225AE1AB10044DE7F /* Release */ = {
			isa = XCBuildConfiguration;
			buildSettings = {
				ALWAYS_EMBED_SWIFT_STANDARD_LIBRARIES = YES;
				CODE_SIGN_STYLE = Automatic;
				INFOPLIST_FILE = PreworkUITests/Info.plist;
				LD_RUNPATH_SEARCH_PATHS = (
					"$(inherited)",
					"@executable_path/Frameworks",
					"@loader_path/Frameworks",
				);
				PRODUCT_BUNDLE_IDENTIFIER = memo.com.PreworkUITests;
				PRODUCT_NAME = "$(TARGET_NAME)";
				SWIFT_VERSION = 5.0;
				TARGETED_DEVICE_FAMILY = "1,2";
				TEST_TARGET_NAME = Prework;
			};
			name = Release;
		};
/* End XCBuildConfiguration section */

/* Begin XCConfigurationList section */
		14E4EB9B25AE1AAF0044DE7F /* Build configuration list for PBXProject "Prework" */ = {
			isa = XCConfigurationList;
			buildConfigurations = (
				14E4EBC825AE1AB10044DE7F /* Debug */,
				14E4EBC925AE1AB10044DE7F /* Release */,
			);
			defaultConfigurationIsVisible = 0;
			defaultConfigurationName = Release;
		};
		14E4EBCA25AE1AB10044DE7F /* Build configuration list for PBXNativeTarget "Prework" */ = {
			isa = XCConfigurationList;
			buildConfigurations = (
				14E4EBCB25AE1AB10044DE7F /* Debug */,
				14E4EBCC25AE1AB10044DE7F /* Release */,
			);
			defaultConfigurationIsVisible = 0;
			defaultConfigurationName = Release;
		};
		14E4EBCD25AE1AB10044DE7F /* Build configuration list for PBXNativeTarget "PreworkTests" */ = {
			isa = XCConfigurationList;
			buildConfigurations = (
				14E4EBCE25AE1AB10044DE7F /* Debug */,
				14E4EBCF25AE1AB10044DE7F /* Release */,
			);
			defaultConfigurationIsVisible = 0;
			defaultConfigurationName = Release;
		};
		14E4EBD025AE1AB10044DE7F /* Build configuration list for PBXNativeTarget "PreworkUITests" */ = {
			isa = XCConfigurationList;
			buildConfigurations = (
				14E4EBD125AE1AB10044DE7F /* Debug */,
				14E4EBD225AE1AB10044DE7F /* Release */,
			);
			defaultConfigurationIsVisible = 0;
			defaultConfigurationName = Release;
		};
/* End XCConfigurationList section */
	};
	rootObject = 14E4EB9825AE1AAF0044DE7F /* Project object */;
}
